
Microsoft Visual Studio Solution File, Format Version 12.00
# Visual Studio Version 16
VisualStudioVersion = 16.0.30011.22
MinimumVisualStudioVersion = 10.0.40219.1
Project("{FAE04EC0-301F-11D3-BF4B-00C04F79EFBC}") = "CarParkingManagementSystem", "CarParkingManagementSystem.csproj", "{F5F82EA1-AEA0-4C2E-8D60-46E14CD9F5A7}"
EndProject
Global
	GlobalSection(SolutionConfigurationPlatforms) = preSolution
		Debug|Any CPU = Debug|Any CPU
		Release|Any CPU = Release|Any CPU
	EndGlobalSection
	GlobalSection(ProjectConfigurationPlatforms) = postSolution
		{F5F82EA1-AEA0-4C2E-8D60-46E14CD9F5A7}.Debug|Any CPU.ActiveCfg = Debug|Any CPU
		{F5F82EA1-AEA0-4C2E-8D60-46E14CD9F5A7}.Debug|Any CPU.Build.0 = Debug|Any CPU
		{F5F82EA1-AEA0-4C2E-8D60-46E14CD9F5A7}.Release|Any CPU.ActiveCfg = Release|Any CPU
		{F5F82EA1-AEA0-4C2E-8D60-46E14CD9F5A7}.Release|Any CPU.Build.0 = Release|Any CPU
	EndGlobalSection
	GlobalSection(SolutionProperties) = preSolution
		HideSolutionNode = FALSE
	EndGlobalSection
	GlobalSection(ExtensibilityGlobals) = postSolution
		SolutionGuid = {3E371887-24EE-4ED9-8F82-AAF92011DA11}
	EndGlobalSection
EndGlobal
